
Microsoft Visual Studio Solution File, Format Version 12.00
# Visual Studio Version 17
VisualStudioVersion = 17.3.32929.385
MinimumVisualStudioVersion = 10.0.40219.1
Project("{9A19103F-16F7-4668-BE54-9A1E7A4F7556}") = "01_IntroToWinForm", "01_IntroToWinForm\01_IntroToWinForm.csproj", "{D7F13E23-E084-4D4C-9426-43714BDB425C}"
EndProject
Project("{9A19103F-16F7-4668-BE54-9A1E7A4F7556}") = "02_WF _Base_Controls_Buttons", "02_WF _Base_Controls_Buttons\02_WF _Base_Controls_Buttons.csproj", "{547DF49F-FFC8-465A-9FC6-FF5EA1BF8138}"
EndProject
Project("{9A19103F-16F7-4668-BE54-9A1E7A4F7556}") = "02_BaseControlsIndicators", "02_BaseControlsIndicators\02_BaseControlsIndicators.csproj", "{73D60280-3B17-437E-B7CE-CCE630C52825}"
EndProject
Project("{FAE04EC0-301F-11D3-BF4B-00C04F79EFBC}") = "04_ProgressBar", "04_ProgressBar\04_ProgressBar.csproj", "{E842BABB-CA19-4BD1-89A9-D11E1294542C}"
EndProject
Project("{9A19103F-16F7-4668-BE54-9A1E7A4F7556}") = "05_Lists", "05_Lists\05_Lists.csproj", "{C27A6FCC-C1D4-4926-BA70-BAFF142B8926}"
EndProject
Project("{9A19103F-16F7-4668-BE54-9A1E7A4F7556}") = "06_AdittionalForms", "06_AdittionalForms\06_AdittionalForms.csproj", "{4C4D06FA-3198-49CD-BF11-A5135CF6FA8C}"
EndProject
Project("{9A19103F-16F7-4668-BE54-9A1E7A4F7556}") = "07_DiffecentDialogs", "07_DiffecentDialogs\07_DiffecentDialogs.csproj", "{267EE75A-9DD6-4F69-8C74-B7DB05CCEA33}"
EndProject
Project("{FAE04EC0-301F-11D3-BF4B-00C04F79EFBC}") = "08_TreeViewListView", "08_TreeViewListView\08_TreeViewListView.csproj", "{CA8CDC5B-F17E-41DE-A0AF-03078B0802E5}"
EndProject
Global
	GlobalSection(SolutionConfigurationPlatforms) = preSolution
		Debug|Any CPU = Debug|Any CPU
		Release|Any CPU = Release|Any CPU
	EndGlobalSection
	GlobalSection(ProjectConfigurationPlatforms) = postSolution
		{D7F13E23-E084-4D4C-9426-43714BDB425C}.Debug|Any CPU.ActiveCfg = Debug|Any CPU
		{D7F13E23-E084-4D4C-9426-43714BDB425C}.Debug|Any CPU.Build.0 = Debug|Any CPU
		{D7F13E23-E084-4D4C-9426-43714BDB425C}.Release|Any CPU.ActiveCfg = Release|Any CPU
		{D7F13E23-E084-4D4C-9426-43714BDB425C}.Release|Any CPU.Build.0 = Release|Any CPU
		{547DF49F-FFC8-465A-9FC6-FF5EA1BF8138}.Debug|Any CPU.ActiveCfg = Debug|Any CPU
		{547DF49F-FFC8-465A-9FC6-FF5EA1BF8138}.Debug|Any CPU.Build.0 = Debug|Any CPU
		{547DF49F-FFC8-465A-9FC6-FF5EA1BF8138}.Release|Any CPU.ActiveCfg = Release|Any CPU
		{547DF49F-FFC8-465A-9FC6-FF5EA1BF8138}.Release|Any CPU.Build.0 = Release|Any CPU
		{73D60280-3B17-437E-B7CE-CCE630C52825}.Debug|Any CPU.ActiveCfg = Debug|Any CPU
		{73D60280-3B17-437E-B7CE-CCE630C52825}.Debug|Any CPU.Build.0 = Debug|Any CPU
		{73D60280-3B17-437E-B7CE-CCE630C52825}.Release|Any CPU.ActiveCfg = Release|Any CPU
		{73D60280-3B17-437E-B7CE-CCE630C52825}.Release|Any CPU.Build.0 = Release|Any CPU
		{E842BABB-CA19-4BD1-89A9-D11E1294542C}.Debug|Any CPU.ActiveCfg = Debug|Any CPU
		{E842BABB-CA19-4BD1-89A9-D11E1294542C}.Debug|Any CPU.Build.0 = Debug|Any CPU
		{E842BABB-CA19-4BD1-89A9-D11E1294542C}.Release|Any CPU.ActiveCfg = Release|Any CPU
		{E842BABB-CA19-4BD1-89A9-D11E1294542C}.Release|Any CPU.Build.0 = Release|Any CPU
		{C27A6FCC-C1D4-4926-BA70-BAFF142B8926}.Debug|Any CPU.ActiveCfg = Debug|Any CPU
		{C27A6FCC-C1D4-4926-BA70-BAFF142B8926}.Debug|Any CPU.Build.0 = Debug|Any CPU
		{C27A6FCC-C1D4-4926-BA70-BAFF142B8926}.Release|Any CPU.ActiveCfg = Release|Any CPU
		{C27A6FCC-C1D4-4926-BA70-BAFF142B8926}.Release|Any CPU.Build.0 = Release|Any CPU
		{4C4D06FA-3198-49CD-BF11-A5135CF6FA8C}.Debug|Any CPU.ActiveCfg = Debug|Any CPU
		{4C4D06FA-3198-49CD-BF11-A5135CF6FA8C}.Debug|Any CPU.Build.0 = Debug|Any CPU
		{4C4D06FA-3198-49CD-BF11-A5135CF6FA8C}.Release|Any CPU.ActiveCfg = Release|Any CPU
		{4C4D06FA-3198-49CD-BF11-A5135CF6FA8C}.Release|Any CPU.Build.0 = Release|Any CPU
		{267EE75A-9DD6-4F69-8C74-B7DB05CCEA33}.Debug|Any CPU.ActiveCfg = Debug|Any CPU
		{267EE75A-9DD6-4F69-8C74-B7DB05CCEA33}.Debug|Any CPU.Build.0 = Debug|Any CPU
		{267EE75A-9DD6-4F69-8C74-B7DB05CCEA33}.Release|Any CPU.ActiveCfg = Release|Any CPU
		{267EE75A-9DD6-4F69-8C74-B7DB05CCEA33}.Release|Any CPU.Build.0 = Release|Any CPU
		{CA8CDC5B-F17E-41DE-A0AF-03078B0802E5}.Debug|Any CPU.ActiveCfg = Debug|Any CPU
		{CA8CDC5B-F17E-41DE-A0AF-03078B0802E5}.Debug|Any CPU.Build.0 = Debug|Any CPU
		{CA8CDC5B-F17E-41DE-A0AF-03078B0802E5}.Release|Any CPU.ActiveCfg = Release|Any CPU
		{CA8CDC5B-F17E-41DE-A0AF-03078B0802E5}.Release|Any CPU.Build.0 = Release|Any CPU
	EndGlobalSection
	GlobalSection(SolutionProperties) = preSolution
		HideSolutionNode = FALSE
	EndGlobalSection
	GlobalSection(ExtensibilityGlobals) = postSolution
		SolutionGuid = {D0674CF9-F664-478C-88E7-2EB01E14E792}
	EndGlobalSection
EndGlobal
